
Microsoft Visual Studio Solution File, Format Version 11.00
# Visual C# Express 2010
Project("{FAE04EC0-301F-11D3-BF4B-00C04F79EFBC}") = "MusicPlayer 1.0", "MusicPlayer 1.0\MusicPlayer 1.0.csproj", "{F3098A00-2FAB-4581-89F7-E05456CE1A05}"
EndProject
Global
	GlobalSection(SolutionConfigurationPlatforms) = preSolution
		Debug|x86 = Debug|x86
		Release|x86 = Release|x86
	EndGlobalSection
	GlobalSection(ProjectConfigurationPlatforms) = postSolution
		{F3098A00-2FAB-4581-89F7-E05456CE1A05}.Debug|x86.ActiveCfg = Debug|x86
		{F3098A00-2FAB-4581-89F7-E05456CE1A05}.Debug|x86.Build.0 = Debug|x86
		{F3098A00-2FAB-4581-89F7-E05456CE1A05}.Release|x86.ActiveCfg = Release|x86
		{F3098A00-2FAB-4581-89F7-E05456CE1A05}.Release|x86.Build.0 = Release|x86
	EndGlobalSection
	GlobalSection(SolutionProperties) = preSolution
		HideSolutionNode = FALSE
	EndGlobalSection
EndGlobal
